
Microsoft Visual Studio Solution File, Format Version 12.00
# Visual Studio Version 17
VisualStudioVersion = 17.3.32819.101
MinimumVisualStudioVersion = 10.0.40219.1
Project("{FAE04EC0-301F-11D3-BF4B-00C04F79EFBC}") = "DatabaseTests", "DatabaseTests.csproj", "{536066B1-71A0-4856-B7C6-0636648EA13B}"
EndProject
Global
	GlobalSection(SolutionConfigurationPlatforms) = preSolution
		Debug|Any CPU = Debug|Any CPU
		Release|Any CPU = Release|Any CPU
	EndGlobalSection
	GlobalSection(ProjectConfigurationPlatforms) = postSolution
		{536066B1-71A0-4856-B7C6-0636648EA13B}.Debug|Any CPU.ActiveCfg = Debug|Any CPU
		{536066B1-71A0-4856-B7C6-0636648EA13B}.Debug|Any CPU.Build.0 = Debug|Any CPU
		{536066B1-71A0-4856-B7C6-0636648EA13B}.Release|Any CPU.ActiveCfg = Release|Any CPU
		{536066B1-71A0-4856-B7C6-0636648EA13B}.Release|Any CPU.Build.0 = Release|Any CPU
	EndGlobalSection
	GlobalSection(SolutionProperties) = preSolution
		HideSolutionNode = FALSE
	EndGlobalSection
	GlobalSection(ExtensibilityGlobals) = postSolution
		SolutionGuid = {03351ED1-1E17-41E6-B9B2-DD9E34D69B0B}
	EndGlobalSection
EndGlobal
